// !$*UTF8*$!
{
	archiveVersion = 1;
	classes = {
	};
	objectVersion = 48;
	objects = {

/* Begin PBXBuildFile section */
		494D8ACA20B0DA7F00DDE7DA /* AppDelegate.swift in Sources */ = {isa = PBXBuildFile; fileRef = 494D8AC920B0DA7F00DDE7DA /* AppDelegate.swift */; };
		494D8ACC20B0DA7F00DDE7DA /* ViewController.swift in Sources */ = {isa = PBXBuildFile; fileRef = 494D8ACB20B0DA7F00DDE7DA /* ViewController.swift */; };
		494D8ACF20B0DA7F00DDE7DA /* Main.storyboard in Resources */ = {isa = PBXBuildFile; fileRef = 494D8ACD20B0DA7F00DDE7DA /* Main.storyboard */; };
		494D8AD220B0DA7F00DDE7DA /* FriendlieR.xcdatamodeld in Sources */ = {isa = PBXBuildFile; fileRef = 494D8AD020B0DA7F00DDE7DA /* FriendlieR.xcdatamodeld */; };
		494D8AD420B0DA7F00DDE7DA /* Assets.xcassets in Resources */ = {isa = PBXBuildFile; fileRef = 494D8AD320B0DA7F00DDE7DA /* Assets.xcassets */; };
		494D8AD720B0DA7F00DDE7DA /* LaunchScreen.storyboard in Resources */ = {isa = PBXBuildFile; fileRef = 494D8AD520B0DA7F00DDE7DA /* LaunchScreen.storyboard */; };
/* End PBXBuildFile section */

/* Begin PBXFileReference section */
		494D8AC620B0DA7F00DDE7DA /* FriendlieR.app */ = {isa = PBXFileReference; explicitFileType = wrapper.application; includeInIndex = 0; path = FriendlieR.app; sourceTree = BUILT_PRODUCTS_DIR; };
		494D8AC920B0DA7F00DDE7DA /* AppDelegate.swift */ = {isa = PBXFileReference; lastKnownFileType = sourcecode.swift; path = AppDelegate.swift; sourceTree = "<group>"; };
		494D8ACB20B0DA7F00DDE7DA /* ViewController.swift */ = {isa = PBXFileReference; lastKnownFileType = sourcecode.swift; path = ViewController.swift; sourceTree = "<group>"; };
		494D8ACE20B0DA7F00DDE7DA /* Base */ = {isa = PBXFileReference; lastKnownFileType = file.storyboard; name = Base; path = Base.lproj/Main.storyboard; sourceTree = "<group>"; };
		494D8AD120B0DA7F00DDE7DA /* FriendlieR.xcdatamodel */ = {isa = PBXFileReference; lastKnownFileType = wrapper.xcdatamodel; path = FriendlieR.xcdatamodel; sourceTree = "<group>"; };
		494D8AD320B0DA7F00DDE7DA /* Assets.xcassets */ = {isa = PBXFileReference; lastKnownFileType = folder.assetcatalog; path = Assets.xcassets; sourceTree = "<group>"; };
		494D8AD620B0DA7F00DDE7DA /* Base */ = {isa = PBXFileReference; lastKnownFileType = file.storyboard; name = Base; path = Base.lproj/LaunchScreen.storyboard; sourceTree = "<group>"; };
		494D8AD820B0DA7F00DDE7DA /* Info.plist */ = {isa = PBXFileReference; lastKnownFileType = text.plist.xml; path = Info.plist; sourceTree = "<group>"; };
/* End PBXFileReference section */

/* Begin PBXFrameworksBuildPhase section */
		494D8AC320B0DA7F00DDE7DA /* Frameworks */ = {
			isa = PBXFrameworksBuildPhase;
			buildActionMask = 2147483647;
			files = (
			);
			runOnlyForDeploymentPostprocessing = 0;
		};
/* End PBXFrameworksBuildPhase section */

/* Begin PBXGroup section */
		494D8ABD20B0DA7F00DDE7DA = {
			isa = PBXGroup;
			children = (
				494D8AC820B0DA7F00DDE7DA /* FriendlieR */,
				494D8AC720B0DA7F00DDE7DA /* Products */,
			);
			sourceTree = "<group>";
		};
		494D8AC720B0DA7F00DDE7DA /* Products */ = {
			isa = PBXGroup;
			children = (
				494D8AC620B0DA7F00DDE7DA /* FriendlieR.app */,
			);
			name = Products;
			sourceTree = "<group>";
		};
		494D8AC820B0DA7F00DDE7DA /* FriendlieR */ = {
			isa = PBXGroup;
			children = (
				494D8AC920B0DA7F00DDE7DA /* AppDelegate.swift */,
				494D8ACB20B0DA7F00DDE7DA /* ViewController.swift */,
				494D8ACD20B0DA7F00DDE7DA /* Main.storyboard */,
				494D8AD320B0DA7F00DDE7DA /* Assets.xcassets */,
				494D8AD520B0DA7F00DDE7DA /* LaunchScreen.storyboard */,
				494D8AD820B0DA7F00DDE7DA /* Info.plist */,
				494D8AD020B0DA7F00DDE7DA /* FriendlieR.xcdatamodeld */,
			);
			path = FriendlieR;
			sourceTree = "<group>";
		};
/* End PBXGroup section */

/* Begin PBXNativeTarget section */
		494D8AC520B0DA7F00DDE7DA /* FriendlieR */ = {
			isa = PBXNativeTarget;
			buildConfigurationList = 494D8ADB20B0DA7F00DDE7DA /* Build configuration list for PBXNativeTarget "FriendlieR" */;
			buildPhases = (
				494D8AC220B0DA7F00DDE7DA /* Sources */,
				494D8AC320B0DA7F00DDE7DA /* Frameworks */,
				494D8AC420B0DA7F00DDE7DA /* Resources */,
			);
			buildRules = (
			);
			dependencies = (
			);
			name = FriendlieR;
			productName = FriendlieR;
			productReference = 494D8AC620B0DA7F00DDE7DA /* FriendlieR.app */;
			productType = "com.apple.product-type.application";
		};
/* End PBXNativeTarget section */

/* Begin PBXProject section */
		494D8ABE20B0DA7F00DDE7DA /* Project object */ = {
			isa = PBXProject;
			attributes = {
				LastSwiftUpdateCheck = 0920;
				LastUpgradeCheck = 0920;
				ORGANIZATIONNAME = Andrew;
				TargetAttributes = {
					494D8AC520B0DA7F00DDE7DA = {
						CreatedOnToolsVersion = 9.2;
						ProvisioningStyle = Automatic;
					};
				};
			};
			buildConfigurationList = 494D8AC120B0DA7F00DDE7DA /* Build configuration list for PBXProject "FriendlieR" */;
			compatibilityVersion = "Xcode 8.0";
			developmentRegion = en;
			hasScannedForEncodings = 0;
			knownRegions = (
				en,
				Base,
			);
			mainGroup = 494D8ABD20B0DA7F00DDE7DA;
			productRefGroup = 494D8AC720B0DA7F00DDE7DA /* Products */;
			projectDirPath = "";
			projectRoot = "";
			targets = (
				494D8AC520B0DA7F00DDE7DA /* FriendlieR */,
			);
		};
/* End PBXProject section */

/* Begin PBXResourcesBuildPhase section */
		494D8AC420B0DA7F00DDE7DA /* Resources */ = {
			isa = PBXResourcesBuildPhase;
			buildActionMask = 2147483647;
			files = (
				494D8AD720B0DA7F00DDE7DA /* LaunchScreen.storyboard in Resources */,
				494D8AD420B0DA7F00DDE7DA /* Assets.xcassets in Resources */,
				494D8ACF20B0DA7F00DDE7DA /* Main.storyboard in Resources */,
			);
			runOnlyForDeploymentPostprocessing = 0;
		};
/* End PBXResourcesBuildPhase section */

/* Begin PBXSourcesBuildPhase section */
		494D8AC220B0DA7F00DDE7DA /* Sources */ = {
			isa = PBXSourcesBuildPhase;
			buildActionMask = 2147483647;
			files = (
				494D8ACC20B0DA7F00DDE7DA /* ViewController.swift in Sources */,
				494D8AD220B0DA7F00DDE7DA /* FriendlieR.xcdatamodeld in Sources */,
				494D8ACA20B0DA7F00DDE7DA /* AppDelegate.swift in Sources */,
			);
			runOnlyForDeploymentPostprocessing = 0;
		};
/* End PBXSourcesBuildPhase section */

/* Begin PBXVariantGroup section */
		494D8ACD20B0DA7F00DDE7DA /* Main.storyboard */ = {
			isa = PBXVariantGroup;
			children = (
				494D8ACE20B0DA7F00DDE7DA /* Base */,
			);
			name = Main.storyboard;
			sourceTree = "<group>";
		};
		494D8AD520B0DA7F00DDE7DA /* LaunchScreen.storyboard */ = {
			isa = PBXVariantGroup;
			children = (
				494D8AD620B0DA7F00DDE7DA /* Base */,
			);
			name = LaunchScreen.storyboard;
			sourceTree = "<group>";
		};
/* End PBXVariantGroup section */

/* Begin XCBuildConfiguration section */
		494D8AD920B0DA7F00DDE7DA /* Debug */ = {
			isa = XCBuildConfiguration;
			buildSettings = {
				ALWAYS_SEARCH_USER_PATHS = NO;
				CLANG_ANALYZER_NONNULL = YES;
				CLANG_ANALYZER_NUMBER_OBJECT_CONVERSION = YES_AGGRESSIVE;
				CLANG_CXX_LANGUAGE_STANDARD = "gnu++14";
				CLANG_CXX_LIBRARY = "libc++";
				CLANG_ENABLE_MODULES = YES;
				CLANG_ENABLE_OBJC_ARC = YES;
				CLANG_WARN_BLOCK_CAPTURE_AUTORELEASING = YES;
				CLANG_WARN_BOOL_CONVERSION = YES;
				CLANG_WARN_COMMA = YES;
				CLANG_WARN_CONSTANT_CONVERSION = YES;
				CLANG_WARN_DIRECT_OBJC_ISA_USAGE = YES_ERROR;
				CLANG_WARN_DOCUMENTATION_COMMENTS = YES;
				CLANG_WARN_EMPTY_BODY = YES;
				CLANG_WARN_ENUM_CONVERSION = YES;
				CLANG_WARN_INFINITE_RECURSION = YES;
				CLANG_WARN_INT_CONVERSION = YES;
				CLANG_WARN_NON_LITERAL_NULL_CONVERSION = YES;
				CLANG_WARN_OBJC_LITERAL_CONVERSION = YES;
				CLANG_WARN_OBJC_ROOT_CLASS = YES_ERROR;
				CLANG_WARN_RANGE_LOOP_ANALYSIS = YES;
				CLANG_WARN_STRICT_PROTOTYPES = YES;
				CLANG_WARN_SUSPICIOUS_MOVE = YES;
				CLANG_WARN_UNGUARDED_AVAILABILITY = YES_AGGRESSIVE;
				CLANG_WARN_UNREACHABLE_CODE = YES;
				CLANG_WARN__DUPLICATE_METHOD_MATCH = YES;
				CODE_SIGN_IDENTITY = "iPhone Developer";
				COPY_PHASE_STRIP = NO;
				DEBUG_INFORMATION_FORMAT = dwarf;
				ENABLE_STRICT_OBJC_MSGSEND = YES;
				ENABLE_TESTABILITY = YES;
				GCC_C_LANGUAGE_STANDARD = gnu11;
				GCC_DYNAMIC_NO_PIC = NO;
				GCC_NO_COMMON_BLOCKS = YES;
				GCC_OPTIMIZATION_LEVEL = 0;
				GCC_PREPROCESSOR_DEFINITIONS = (
					"DEBUG=1",
					"$(inherited)",
				);
				GCC_WARN_64_TO_32_BIT_CONVERSION = YES;
				GCC_WARN_ABOUT_RETURN_TYPE = YES_ERROR;
				GCC_WARN_UNDECLARED_SELECTOR = YES;
				GCC_WARN_UNINITIALIZED_AUTOS = YES_AGGRESSIVE;
				GCC_WARN_UNUSED_FUNCTION = YES;
				GCC_WARN_UNUSED_VARIABLE = YES;
				IPHONEOS_DEPLOYMENT_TARGET = 11.2;
				MTL_ENABLE_DEBUG_INFO = YES;
				ONLY_ACTIVE_ARCH = YES;
				SDKROOT = iphoneos;
				SWIFT_ACTIVE_COMPILATION_CONDITIONS = DEBUG;
				SWIFT_OPTIMIZATION_LEVEL = "-Onone";
			};
			name = Debug;
		};
		494D8ADA20B0DA7F00DDE7DA /* Release */ = {
			isa = XCBuildConfiguration;
			buildSettings = {
				ALWAYS_SEARCH_USER_PATHS = NO;
				CLANG_ANALYZER_NONNULL = YES;
				CLANG_ANALYZER_NUMBER_OBJECT_CONVERSION = YES_AGGRESSIVE;
				CLANG_CXX_LANGUAGE_STANDARD = "gnu++14";
				CLANG_CXX_LIBRARY = "libc++";
				CLANG_ENABLE_MODULES = YES;
				CLANG_ENABLE_OBJC_ARC = YES;
				CLANG_WARN_BLOCK_CAPTURE_AUTORELEASING = YES;
				CLANG_WARN_BOOL_CONVERSION = YES;
				CLANG_WARN_COMMA = YES;
				CLANG_WARN_CONSTANT_CONVERSION = YES;
				CLANG_WARN_DIRECT_OBJC_ISA_USAGE = YES_ERROR;
				CLANG_WARN_DOCUMENTATION_COMMENTS = YES;
				CLANG_WARN_EMPTY_BODY = YES;
				CLANG_WARN_ENUM_CONVERSION = YES;
				CLANG_WARN_INFINITE_RECURSION = YES;
				CLANG_WARN_INT_CONVERSION = YES;
				CLANG_WARN_NON_LITERAL_NULL_CONVERSION = YES;
				CLANG_WARN_OBJC_LITERAL_CONVERSION = YES;
				CLANG_WARN_OBJC_ROOT_CLASS = YES_ERROR;
				CLANG_WARN_RANGE_LOOP_ANALYSIS = YES;
				CLANG_WARN_STRICT_PROTOTYPES = YES;
				CLANG_WARN_SUSPICIOUS_MOVE = YES;
				CLANG_WARN_UNGUARDED_AVAILABILITY = YES_AGGRESSIVE;
				CLANG_WARN_UNREACHABLE_CODE = YES;
				CLANG_WARN__DUPLICATE_METHOD_MATCH = YES;
				CODE_SIGN_IDENTITY = "iPhone Developer";
				COPY_PHASE_STRIP = NO;
				DEBUG_INFORMATION_FORMAT = "dwarf-with-dsym";
				ENABLE_NS_ASSERTIONS = NO;
				ENABLE_STRICT_OBJC_MSGSEND = YES;
				GCC_C_LANGUAGE_STANDARD = gnu11;
				GCC_NO_COMMON_BLOCKS = YES;
				GCC_WARN_64_TO_32_BIT_CONVERSION = YES;
				GCC_WARN_ABOUT_RETURN_TYPE = YES_ERROR;
				GCC_WARN_UNDECLARED_SELECTOR = YES;
				GCC_WARN_UNINITIALIZED_AUTOS = YES_AGGRESSIVE;
				GCC_WARN_UNUSED_FUNCTION = YES;
				GCC_WARN_UNUSED_VARIABLE = YES;
				IPHONEOS_DEPLOYMENT_TARGET = 11.2;
				MTL_ENABLE_DEBUG_INFO = NO;
				SDKROOT = iphoneos;
				SWIFT_OPTIMIZATION_LEVEL = "-Owholemodule";
				VALIDATE_PRODUCT = YES;
			};
			name = Release;
		};
		494D8ADC20B0DA7F00DDE7DA /* Debug */ = {
			isa = XCBuildConfiguration;
			buildSettings = {
				ASSETCATALOG_COMPILER_APPICON_NAME = AppIcon;
				CODE_SIGN_STYLE = Automatic;
				DEVELOPMENT_TEAM = AFLTUKV7LY;
				INFOPLIST_FILE = FriendlieR/Info.plist;
				LD_RUNPATH_SEARCH_PATHS = "$(inherited) @executable_path/Frameworks";
				PRODUCT_BUNDLE_IDENTIFIER = com.appCookout.FriendlieR;
				PRODUCT_NAME = "$(TARGET_NAME)";
				SWIFT_VERSION = 4.0;
				TARGETED_DEVICE_FAMILY = "1,2";
			};
			name = Debug;
		};
		494D8ADD20B0DA7F00DDE7DA /* Release */ = {
			isa = XCBuildConfiguration;
			buildSettings = {
				ASSETCATALOG_COMPILER_APPICON_NAME = AppIcon;
				CODE_SIGN_STYLE = Automatic;
				DEVELOPMENT_TEAM = AFLTUKV7LY;
				INFOPLIST_FILE = FriendlieR/Info.plist;
				LD_RUNPATH_SEARCH_PATHS = "$(inherited) @executable_path/Frameworks";
				PRODUCT_BUNDLE_IDENTIFIER = com.appCookout.FriendlieR;
				PRODUCT_NAME = "$(TARGET_NAME)";
				SWIFT_VERSION = 4.0;
				TARGETED_DEVICE_FAMILY = "1,2";
			};
			name = Release;
		};
/* End XCBuildConfiguration section */

/* Begin XCConfigurationList section */
		494D8AC120B0DA7F00DDE7DA /* Build configuration list for PBXProject "FriendlieR" */ = {
			isa = XCConfigurationList;
			buildConfigurations = (
				494D8AD920B0DA7F00DDE7DA /* Debug */,
				494D8ADA20B0DA7F00DDE7DA /* Release */,
			);
			defaultConfigurationIsVisible = 0;
			defaultConfigurationName = Release;
		};
		494D8ADB20B0DA7F00DDE7DA /* Build configuration list for PBXNativeTarget "FriendlieR" */ = {
			isa = XCConfigurationList;
			buildConfigurations = (
				494D8ADC20B0DA7F00DDE7DA /* Debug */,
				494D8ADD20B0DA7F00DDE7DA /* Release */,
			);
			defaultConfigurationIsVisible = 0;
			defaultConfigurationName = Release;
		};
/* End XCConfigurationList section */

/* Begin XCVersionGroup section */
		494D8AD020B0DA7F00DDE7DA /* FriendlieR.xcdatamodeld */ = {
			isa = XCVersionGroup;
			children = (
				494D8AD120B0DA7F00DDE7DA /* FriendlieR.xcdatamodel */,
			);
			currentVersion = 494D8AD120B0DA7F00DDE7DA /* FriendlieR.xcdatamodel */;
			path = FriendlieR.xcdatamodeld;
			sourceTree = "<group>";
			versionGroupType = wrapper.xcdatamodel;
		};
/* End XCVersionGroup section */
	};
	rootObject = 494D8ABE20B0DA7F00DDE7DA /* Project object */;
}
